
Microsoft Visual Studio Solution File, Format Version 12.00
# Visual Studio Version 16
VisualStudioVersion = 16.0.31205.134
MinimumVisualStudioVersion = 10.0.40219.1
Project("{FAE04EC0-301F-11D3-BF4B-00C04F79EFBC}") = "AlacakVerecekTakip", "AlacakVerecekTakip\AlacakVerecekTakip.csproj", "{E7122102-34A4-487D-B872-B2163915514B}"
EndProject
Global
	GlobalSection(SolutionConfigurationPlatforms) = preSolution
		Debug|Any CPU = Debug|Any CPU
		Release|Any CPU = Release|Any CPU
	EndGlobalSection
	GlobalSection(ProjectConfigurationPlatforms) = postSolution
		{E7122102-34A4-487D-B872-B2163915514B}.Debug|Any CPU.ActiveCfg = Debug|Any CPU
		{E7122102-34A4-487D-B872-B2163915514B}.Debug|Any CPU.Build.0 = Debug|Any CPU
		{E7122102-34A4-487D-B872-B2163915514B}.Release|Any CPU.ActiveCfg = Release|Any CPU
		{E7122102-34A4-487D-B872-B2163915514B}.Release|Any CPU.Build.0 = Release|Any CPU
	EndGlobalSection
	GlobalSection(SolutionProperties) = preSolution
		HideSolutionNode = FALSE
	EndGlobalSection
	GlobalSection(ExtensibilityGlobals) = postSolution
		SolutionGuid = {A607D027-0C34-4FD6-8B72-019900511818}
	EndGlobalSection
EndGlobal
